<?xml version="1.0" encoding="utf-8"?>
<Project ToolsVersion="4.0" xmlns="http://schemas.microsoft.com/developer/msbuild/2003">
  <ItemGroup>
    <Filter Include="Source Files">
      <UniqueIdentifier>{4FC737F1-C7A5-4376-A066-2A32D752A2FF}</UniqueIdentifier>
      <Extensions>cpp;c;cc;cxx;def;odl;idl;hpj;bat;asm;asmx</Extensions>
    </Filter>
    <Filter Include="Header Files">
      <UniqueIdentifier>{93995380-89BD-4b04-88EB-625FBE52EBFB}</UniqueIdentifier>
      <Extensions>h;hh;hpp;hxx;hm;inl;inc;xsd</Extensions>
    </Filter>
    <Filter Include="Resource Files">
      <UniqueIdentifier>{67DA6AB6-F800-4c08-8B7A-83BB121AAD01}</UniqueIdentifier>
      <Extensions>rc;ico;cur;bmp;dlg;rc2;rct;bin;rgs;gif;jpg;jpeg;jpe;resx;tiff;tif;png;wav;mfcribbon-ms</Extensions>
    </Filter>
    <Filter Include="custom build step files">
      <UniqueIdentifier>{08e6e64f-1587-45d1-a0ea-d981e7454eb0}</UniqueIdentifier>
    </Filter>
    <Filter Include="custom build step files\HLExtract">
      <UniqueIdentifier>{10fee783-77af-4c62-8780-c64c5823da6d}</UniqueIdentifier>
    </Filter>
    <Filter Include="custom build step files\Crowbar">
      <UniqueIdentifier>{dad95088-ecb9-4ea3-bcda-48bca6bcb855}</UniqueIdentifier>
    </Filter>
    <Filter Include="Header Files\util">
      <UniqueIdentifier>{e433b3bb-c6f0-4723-ae9a-001ba9e76329}</UniqueIdentifier>
    </Filter>
    <Filter Include="Header Files\csgo">
      <UniqueIdentifier>{48aed1fa-f243-4cfd-b160-7c8265198cd5}</UniqueIdentifier>
    </Filter>
    <Filter Include="Header Files\csgo\sir">
      <UniqueIdentifier>{7050a376-2288-4967-9357-682243862a7c}</UniqueIdentifier>
    </Filter>
    <Filter Include="Header Files\csgo\bbox">
      <UniqueIdentifier>{6ab3579c-57c2-485e-8de9-7132b3ddcfcd}</UniqueIdentifier>
    </Filter>
    <Filter Include="Source Files\csgo">
      <UniqueIdentifier>{67b5c13a-70fa-407a-8c3d-cc377d7b8f92}</UniqueIdentifier>
    </Filter>
    <Filter Include="Source Files\util">
      <UniqueIdentifier>{1dec4df9-54cf-4e99-bff2-2e797456e5da}</UniqueIdentifier>
    </Filter>
    <Filter Include="Source Files\csgo\sir">
      <UniqueIdentifier>{17b59cc2-836e-4d08-b982-68bfa0323f74}</UniqueIdentifier>
    </Filter>
    <Filter Include="Source Files\csgo\bbox">
      <UniqueIdentifier>{3e254057-8cf4-4b48-be05-ac9b09afd19d}</UniqueIdentifier>
    </Filter>
    <Filter Include="Header Files\ui">
      <UniqueIdentifier>{7a3096a7-a547-43bb-912c-d5e3141611fa}</UniqueIdentifier>
    </Filter>
    <Filter Include="Header Files\ui\console">
      <UniqueIdentifier>{2d213300-6ebd-4e9b-bd7b-7526f1b0bde5}</UniqueIdentifier>
    </Filter>
    <Filter Include="Source Files\ui">
      <UniqueIdentifier>{1b474061-2cdd-4444-8a1c-522fca800a33}</UniqueIdentifier>
    </Filter>
    <Filter Include="Source Files\ui\console">
      <UniqueIdentifier>{3037ff3e-9a9c-437d-950c-780b5f73cc37}</UniqueIdentifier>
    </Filter>
    <Filter Include="Header Files\csgo\calc">
      <UniqueIdentifier>{314200e3-675f-4cf9-a94d-91d4ae814399}</UniqueIdentifier>
    </Filter>
    <Filter Include="Source Files\csgo\calc">
      <UniqueIdentifier>{61f6c577-af36-40f5-9a8d-c49f5bc81a65}</UniqueIdentifier>
    </Filter>
  </ItemGroup>
  <ItemGroup>
    <ClCompile Include="main.cpp">
      <Filter>Source Files</Filter>
    </ClCompile>
    <ClCompile Include="csgo\Archive.cpp">
      <Filter>Source Files\csgo</Filter>
    </ClCompile>
    <ClCompile Include="csgo\FindCsgo.cpp">
      <Filter>Source Files\csgo</Filter>
    </ClCompile>
    <ClCompile Include="util\TextFileOps.cpp">
      <Filter>Source Files\util</Filter>
    </ClCompile>
    <ClCompile Include="csgo\GameData.cpp">
      <Filter>Source Files\csgo</Filter>
    </ClCompile>
    <ClCompile Include="csgo\bbox\BboxFresh.cpp">
      <Filter>Source Files\csgo\bbox</Filter>
    </ClCompile>
    <ClCompile Include="csgo\sir\SirFresh.cpp">
      <Filter>Source Files\csgo\sir</Filter>
    </ClCompile>
    <ClCompile Include="ui\console\ConsoleApp.cpp">
      <Filter>Source Files\ui\console</Filter>
    </ClCompile>
    <ClCompile Include="csgo\ArchivePair.cpp">
      <Filter>Source Files\csgo</Filter>
    </ClCompile>
    <ClCompile Include="csgo\FreshPair.cpp">
      <Filter>Source Files\csgo</Filter>
    </ClCompile>
    <ClCompile Include="csgo\DataPair.cpp">
      <Filter>Source Files\csgo</Filter>
    </ClCompile>
    <ClCompile Include="csgo\calc\Calc.cpp">
      <Filter>Source Files\csgo\calc</Filter>
    </ClCompile>
    <ClCompile Include="csgo\calc\Random.cpp">
      <Filter>Source Files\csgo\calc</Filter>
    </ClCompile>
  </ItemGroup>
  <ItemGroup>
    <None Include="..\custom build step files\archiveSirData.csv">
      <Filter>custom build step files</Filter>
    </None>
    <None Include="..\custom build step files\archiveBboxData.csv">
      <Filter>custom build step files</Filter>
    </None>
    <None Include="..\custom build step files\HLExtract\HLExtract.exe">
      <Filter>custom build step files\HLExtract</Filter>
    </None>
    <None Include="..\custom build step files\HLExtract\HLLib.dll">
      <Filter>custom build step files\HLExtract</Filter>
    </None>
    <None Include="..\custom build step files\Crowbar\Crowbar.exe">
      <Filter>custom build step files\Crowbar</Filter>
    </None>
  </ItemGroup>
  <ItemGroup>
    <ClInclude Include="util\TextFileOps.h">
      <Filter>Header Files\util</Filter>
    </ClInclude>
    <ClInclude Include="csgo\bbox\BboxFresh.h">
      <Filter>Header Files\csgo\bbox</Filter>
    </ClInclude>
    <ClInclude Include="csgo\sir\SirFresh.h">
      <Filter>Header Files\csgo\sir</Filter>
    </ClInclude>
    <ClInclude Include="csgo\sir\SirArchive.h">
      <Filter>Header Files\csgo\sir</Filter>
    </ClInclude>
    <ClInclude Include="csgo\bbox\BboxArchive.h">
      <Filter>Header Files\csgo\bbox</Filter>
    </ClInclude>
    <ClInclude Include="csgo\Archive.h">
      <Filter>Header Files\csgo</Filter>
    </ClInclude>
    <ClInclude Include="csgo\FindCsgo.h">
      <Filter>Header Files\csgo</Filter>
    </ClInclude>
    <ClInclude Include="csgo\GameData.h">
      <Filter>Header Files\csgo</Filter>
    </ClInclude>
    <ClInclude Include="csgo\DataPair.h">
      <Filter>Header Files\csgo</Filter>
    </ClInclude>
    <ClInclude Include="ui\console\ConsoleApp.h">
      <Filter>Header Files\ui\console</Filter>
    </ClInclude>
    <ClInclude Include="csgo\ArchivePair.h">
      <Filter>Header Files\csgo</Filter>
    </ClInclude>
    <ClInclude Include="csgo\FreshPair.h">
      <Filter>Header Files\csgo</Filter>
    </ClInclude>
    <ClInclude Include="targetver.h">
      <Filter>Header Files</Filter>
    </ClInclude>
    <ClInclude Include="csgo\calc\Calc.h">
      <Filter>Header Files\csgo\calc</Filter>
    </ClInclude>
    <ClInclude Include="csgo\calc\Random.h">
      <Filter>Header Files\csgo\calc</Filter>
    </ClInclude>
  </ItemGroup>
  <ItemGroup>
    <Xml Include="..\custom build step files\Crowbar\Data\Crowbar Settings.xml">
      <Filter>custom build step files\Crowbar</Filter>
    </Xml>
  </ItemGroup>
</Project>