<?xml version="1.0" encoding="utf-8"?>
<Project ToolsVersion="4.0" xmlns="http://schemas.microsoft.com/developer/msbuild/2003">
  <ItemGroup>
    <Filter Include="Source Files">
      <UniqueIdentifier>{4FC737F1-C7A5-4376-A066-2A32D752A2FF}</UniqueIdentifier>
      <Extensions>cpp;c;cc;cxx;def;odl;idl;hpj;bat;asm;asmx</Extensions>
    </Filter>
    <Filter Include="Header Files">
      <UniqueIdentifier>{93995380-89BD-4b04-88EB-625FBE52EBFB}</UniqueIdentifier>
      <Extensions>h;hh;hpp;hxx;hm;inl;inc;xsd</Extensions>
    </Filter>
    <Filter Include="Resource Files">
      <UniqueIdentifier>{67DA6AB6-F800-4c08-8B7A-83BB121AAD01}</UniqueIdentifier>
      <Extensions>rc;ico;cur;bmp;dlg;rc2;rct;bin;rgs;gif;jpg;jpeg;jpe;resx;tiff;tif;png;wav;mfcribbon-ms</Extensions>
    </Filter>
    <Filter Include="custom build step files">
      <UniqueIdentifier>{08e6e64f-1587-45d1-a0ea-d981e7454eb0}</UniqueIdentifier>
    </Filter>
    <Filter Include="custom build step files\HLExtract">
      <UniqueIdentifier>{10fee783-77af-4c62-8780-c64c5823da6d}</UniqueIdentifier>
    </Filter>
    <Filter Include="custom build step files\Crowbar">
      <UniqueIdentifier>{dad95088-ecb9-4ea3-bcda-48bca6bcb855}</UniqueIdentifier>
    </Filter>
  </ItemGroup>
  <ItemGroup>
    <ClCompile Include="main.cpp">
      <Filter>Source Files</Filter>
    </ClCompile>
    <ClCompile Include="TextFileOps\TextFileOps.cpp">
      <Filter>Source Files</Filter>
    </ClCompile>
    <ClCompile Include="csgo\Archive.cpp">
      <Filter>Source Files</Filter>
    </ClCompile>
    <ClCompile Include="csgo\BboxData.cpp">
      <Filter>Source Files</Filter>
    </ClCompile>
    <ClCompile Include="csgo\FindCsgo.cpp">
      <Filter>Source Files</Filter>
    </ClCompile>
    <ClCompile Include="csgo\SirData.cpp">
      <Filter>Source Files</Filter>
    </ClCompile>
  </ItemGroup>
  <ItemGroup>
    <None Include="..\custom build step files\archiveSirData.csv">
      <Filter>custom build step files</Filter>
    </None>
    <None Include="..\custom build step files\archiveBboxData.csv">
      <Filter>custom build step files</Filter>
    </None>
    <None Include="..\custom build step files\HLExtract\HLExtract.exe">
      <Filter>custom build step files\HLExtract</Filter>
    </None>
    <None Include="..\custom build step files\HLExtract\HLLib.dll">
      <Filter>custom build step files\HLExtract</Filter>
    </None>
    <None Include="..\custom build step files\Crowbar\Crowbar.exe">
      <Filter>custom build step files\Crowbar</Filter>
    </None>
  </ItemGroup>
  <ItemGroup>
    <ClInclude Include="csgo\Archive.h">
      <Filter>Header Files</Filter>
    </ClInclude>
    <ClInclude Include="csgo\BboxData.h">
      <Filter>Header Files</Filter>
    </ClInclude>
    <ClInclude Include="csgo\FindCsgo.h">
      <Filter>Header Files</Filter>
    </ClInclude>
    <ClInclude Include="csgo\SirData.h">
      <Filter>Header Files</Filter>
    </ClInclude>
    <ClInclude Include="TextFileOps\TextFileOps.h">
      <Filter>Header Files</Filter>
    </ClInclude>
    <ClInclude Include="TextFileOps\vdf_parser.h">
      <Filter>Header Files</Filter>
    </ClInclude>
  </ItemGroup>
  <ItemGroup>
    <Xml Include="..\custom build step files\Crowbar\Data\Crowbar Settings.xml">
      <Filter>custom build step files\Crowbar</Filter>
    </Xml>
  </ItemGroup>
</Project>